{
  "name": "zero-hour-web",
  "version": "3.1.1",
  "lockfileVersion": 3,
  "requires": true,
  "packages": {
    "": {
      "name": "zero-hour-web",
      "version": "3.1.1",
      "dependencies": {
        "ws": "8.18.3"
      },
      "devDependencies": {
        "@fontsource/rajdhani": "^5.3.0"
      }
    },
    "node_modules/@fontsource/rajdhani": {
      "version": "5.3.0",
      "resolved": "https://registry.npmjs.org/@fontsource/rajdhani/-/rajdhani-5.3.0.tgz",
      "integrity": "sha512-oBJgSIibWJvVBKseme1JczqPLoDHN97LHti4uh0LjfcJqQoVmnQQlRKIpEjTJV559rmVQ6qbVZZwKwk2wkBTtw==",
      "dev": true,
      "license": "OFL-1.1",
      "funding": {
        "url": "https://github.com/sponsors/ayuhito"
      }
    },
    "node_modules/ws": {
      "version": "8.18.3",
      "resolved": "https://registry.npmjs.org/ws/-/ws-8.18.3.tgz",
      "integrity": "sha512-PEIGCY5tSlUt50cqyMXfCzX+oOPqN0vuGqWzbcJ2xvnkzkq46oOpz7dQaTDBdfICb4N14+GARUDw2XV2N4tvzg==",
      "license": "MIT",
      "engines": {
        "node": ">=10.0.0"
      },
      "peerDependencies": {
        "bufferutil": "^4.0.1",
        "utf-8-validate": ">=5.0.2"
      },
      "peerDependenciesMeta": {
        "bufferutil": {
          "optional": true
        },
        "utf-8-validate": {
          "optional": true
        }
      }
    }
  }
}
